// !$*UTF8*$!
{
	archiveVersion = 1;
	classes = {
	};
	objectVersion = 50;
	objects = {

/* Begin PBXBuildFile section */
		72E2EFEE2363193100AA0095 /* AppDelegate.swift in Sources */ = {isa = PBXBuildFile; fileRef = 72E2EFED2363193100AA0095 /* AppDelegate.swift */; };
		72E2EFF02363193100AA0095 /* ViewController.swift in Sources */ = {isa = PBXBuildFile; fileRef = 72E2EFEF2363193100AA0095 /* ViewController.swift */; };
		72E2EFF32363193100AA0095 /* Main.storyboard in Resources */ = {isa = PBXBuildFile; fileRef = 72E2EFF12363193100AA0095 /* Main.storyboard */; };
		72E2EFF52363193300AA0095 /* Assets.xcassets in Resources */ = {isa = PBXBuildFile; fileRef = 72E2EFF42363193300AA0095 /* Assets.xcassets */; };
		72E2EFF82363193300AA0095 /* LaunchScreen.storyboard in Resources */ = {isa = PBXBuildFile; fileRef = 72E2EFF62363193300AA0095 /* LaunchScreen.storyboard */; };
		72E2F004236320DB00AA0095 /* GreetingsViewController.swift in Sources */ = {isa = PBXBuildFile; fileRef = 72E2F003236320DB00AA0095 /* GreetingsViewController.swift */; };
		72E2F006236323BC00AA0095 /* sun.png in Resources */ = {isa = PBXBuildFile; fileRef = 72E2F005236323BC00AA0095 /* sun.png */; };
/* End PBXBuildFile section */

/* Begin PBXFileReference section */
		72E2EFEA2363193100AA0095 /* LAB4T2.app */ = {isa = PBXFileReference; explicitFileType = wrapper.application; includeInIndex = 0; path = LAB4T2.app; sourceTree = BUILT_PRODUCTS_DIR; };
		72E2EFED2363193100AA0095 /* AppDelegate.swift */ = {isa = PBXFileReference; lastKnownFileType = sourcecode.swift; path = AppDelegate.swift; sourceTree = "<group>"; };
		72E2EFEF2363193100AA0095 /* ViewController.swift */ = {isa = PBXFileReference; lastKnownFileType = sourcecode.swift; path = ViewController.swift; sourceTree = "<group>"; };
		72E2EFF22363193100AA0095 /* Base */ = {isa = PBXFileReference; lastKnownFileType = file.storyboard; name = Base; path = Base.lproj/Main.storyboard; sourceTree = "<group>"; };
		72E2EFF42363193300AA0095 /* Assets.xcassets */ = {isa = PBXFileReference; lastKnownFileType = folder.assetcatalog; path = Assets.xcassets; sourceTree = "<group>"; };
		72E2EFF72363193300AA0095 /* Base */ = {isa = PBXFileReference; lastKnownFileType = file.storyboard; name = Base; path = Base.lproj/LaunchScreen.storyboard; sourceTree = "<group>"; };
		72E2EFF92363193300AA0095 /* Info.plist */ = {isa = PBXFileReference; lastKnownFileType = text.plist.xml; path = Info.plist; sourceTree = "<group>"; };
		72E2F003236320DB00AA0095 /* GreetingsViewController.swift */ = {isa = PBXFileReference; lastKnownFileType = sourcecode.swift; path = GreetingsViewController.swift; sourceTree = "<group>"; };
		72E2F005236323BC00AA0095 /* sun.png */ = {isa = PBXFileReference; lastKnownFileType = image.png; name = sun.png; path = ../../../../Downloads/sun.png; sourceTree = "<group>"; };
/* End PBXFileReference section */

/* Begin PBXFrameworksBuildPhase section */
		72E2EFE72363193100AA0095 /* Frameworks */ = {
			isa = PBXFrameworksBuildPhase;
			buildActionMask = 2147483647;
			files = (
			);
			runOnlyForDeploymentPostprocessing = 0;
		};
/* End PBXFrameworksBuildPhase section */

/* Begin PBXGroup section */
		72E2EFE12363193100AA0095 = {
			isa = PBXGroup;
			children = (
				72E2EFEC2363193100AA0095 /* LAB4T2 */,
				72E2EFEB2363193100AA0095 /* Products */,
			);
			sourceTree = "<group>";
		};
		72E2EFEB2363193100AA0095 /* Products */ = {
			isa = PBXGroup;
			children = (
				72E2EFEA2363193100AA0095 /* LAB4T2.app */,
			);
			name = Products;
			sourceTree = "<group>";
		};
		72E2EFEC2363193100AA0095 /* LAB4T2 */ = {
			isa = PBXGroup;
			children = (
				72E2F005236323BC00AA0095 /* sun.png */,
				72E2EFED2363193100AA0095 /* AppDelegate.swift */,
				72E2EFEF2363193100AA0095 /* ViewController.swift */,
				72E2EFF12363193100AA0095 /* Main.storyboard */,
				72E2EFF42363193300AA0095 /* Assets.xcassets */,
				72E2EFF62363193300AA0095 /* LaunchScreen.storyboard */,
				72E2EFF92363193300AA0095 /* Info.plist */,
				72E2F003236320DB00AA0095 /* GreetingsViewController.swift */,
			);
			path = LAB4T2;
			sourceTree = "<group>";
		};
/* End PBXGroup section */

/* Begin PBXNativeTarget section */
		72E2EFE92363193100AA0095 /* LAB4T2 */ = {
			isa = PBXNativeTarget;
			buildConfigurationList = 72E2EFFC2363193300AA0095 /* Build configuration list for PBXNativeTarget "LAB4T2" */;
			buildPhases = (
				72E2EFE62363193100AA0095 /* Sources */,
				72E2EFE72363193100AA0095 /* Frameworks */,
				72E2EFE82363193100AA0095 /* Resources */,
			);
			buildRules = (
			);
			dependencies = (
			);
			name = LAB4T2;
			productName = LAB4T2;
			productReference = 72E2EFEA2363193100AA0095 /* LAB4T2.app */;
			productType = "com.apple.product-type.application";
		};
/* End PBXNativeTarget section */

/* Begin PBXProject section */
		72E2EFE22363193100AA0095 /* Project object */ = {
			isa = PBXProject;
			attributes = {
				LastSwiftUpdateCheck = 1030;
				LastUpgradeCheck = 1030;
				ORGANIZATIONNAME = "Juho Parkkinen";
				TargetAttributes = {
					72E2EFE92363193100AA0095 = {
						CreatedOnToolsVersion = 10.3;
					};
				};
			};
			buildConfigurationList = 72E2EFE52363193100AA0095 /* Build configuration list for PBXProject "LAB4T2" */;
			compatibilityVersion = "Xcode 9.3";
			developmentRegion = en;
			hasScannedForEncodings = 0;
			knownRegions = (
				en,
				Base,
			);
			mainGroup = 72E2EFE12363193100AA0095;
			productRefGroup = 72E2EFEB2363193100AA0095 /* Products */;
			projectDirPath = "";
			projectRoot = "";
			targets = (
				72E2EFE92363193100AA0095 /* LAB4T2 */,
			);
		};
/* End PBXProject section */

/* Begin PBXResourcesBuildPhase section */
		72E2EFE82363193100AA0095 /* Resources */ = {
			isa = PBXResourcesBuildPhase;
			buildActionMask = 2147483647;
			files = (
				72E2F006236323BC00AA0095 /* sun.png in Resources */,
				72E2EFF82363193300AA0095 /* LaunchScreen.storyboard in Resources */,
				72E2EFF52363193300AA0095 /* Assets.xcassets in Resources */,
				72E2EFF32363193100AA0095 /* Main.storyboard in Resources */,
			);
			runOnlyForDeploymentPostprocessing = 0;
		};
/* End PBXResourcesBuildPhase section */

/* Begin PBXSourcesBuildPhase section */
		72E2EFE62363193100AA0095 /* Sources */ = {
			isa = PBXSourcesBuildPhase;
			buildActionMask = 2147483647;
			files = (
				72E2EFF02363193100AA0095 /* ViewController.swift in Sources */,
				72E2F004236320DB00AA0095 /* GreetingsViewController.swift in Sources */,
				72E2EFEE2363193100AA0095 /* AppDelegate.swift in Sources */,
			);
			runOnlyForDeploymentPostprocessing = 0;
		};
/* End PBXSourcesBuildPhase section */

/* Begin PBXVariantGroup section */
		72E2EFF12363193100AA0095 /* Main.storyboard */ = {
			isa = PBXVariantGroup;
			children = (
				72E2EFF22363193100AA0095 /* Base */,
			);
			name = Main.storyboard;
			sourceTree = "<group>";
		};
		72E2EFF62363193300AA0095 /* LaunchScreen.storyboard */ = {
			isa = PBXVariantGroup;
			children = (
				72E2EFF72363193300AA0095 /* Base */,
			);
			name = LaunchScreen.storyboard;
			sourceTree = "<group>";
		};
/* End PBXVariantGroup section */

/* Begin XCBuildConfiguration section */
		72E2EFFA2363193300AA0095 /* Debug */ = {
			isa = XCBuildConfiguration;
			buildSettings = {
				ALWAYS_SEARCH_USER_PATHS = NO;
				CLANG_ANALYZER_NONNULL = YES;
				CLANG_ANALYZER_NUMBER_OBJECT_CONVERSION = YES_AGGRESSIVE;
				CLANG_CXX_LANGUAGE_STANDARD = "gnu++14";
				CLANG_CXX_LIBRARY = "libc++";
				CLANG_ENABLE_MODULES = YES;
				CLANG_ENABLE_OBJC_ARC = YES;
				CLANG_ENABLE_OBJC_WEAK = YES;
				CLANG_WARN_BLOCK_CAPTURE_AUTORELEASING = YES;
				CLANG_WARN_BOOL_CONVERSION = YES;
				CLANG_WARN_COMMA = YES;
				CLANG_WARN_CONSTANT_CONVERSION = YES;
				CLANG_WARN_DEPRECATED_OBJC_IMPLEMENTATIONS = YES;
				CLANG_WARN_DIRECT_OBJC_ISA_USAGE = YES_ERROR;
				CLANG_WARN_DOCUMENTATION_COMMENTS = YES;
				CLANG_WARN_EMPTY_BODY = YES;
				CLANG_WARN_ENUM_CONVERSION = YES;
				CLANG_WARN_INFINITE_RECURSION = YES;
				CLANG_WARN_INT_CONVERSION = YES;
				CLANG_WARN_NON_LITERAL_NULL_CONVERSION = YES;
				CLANG_WARN_OBJC_IMPLICIT_RETAIN_SELF = YES;
				CLANG_WARN_OBJC_LITERAL_CONVERSION = YES;
				CLANG_WARN_OBJC_ROOT_CLASS = YES_ERROR;
				CLANG_WARN_RANGE_LOOP_ANALYSIS = YES;
				CLANG_WARN_STRICT_PROTOTYPES = YES;
				CLANG_WARN_SUSPICIOUS_MOVE = YES;
				CLANG_WARN_UNGUARDED_AVAILABILITY = YES_AGGRESSIVE;
				CLANG_WARN_UNREACHABLE_CODE = YES;
				CLANG_WARN__DUPLICATE_METHOD_MATCH = YES;
				CODE_SIGN_IDENTITY = "iPhone Developer";
				COPY_PHASE_STRIP = NO;
				DEBUG_INFORMATION_FORMAT = dwarf;
				ENABLE_STRICT_OBJC_MSGSEND = YES;
				ENABLE_TESTABILITY = YES;
				GCC_C_LANGUAGE_STANDARD = gnu11;
				GCC_DYNAMIC_NO_PIC = NO;
				GCC_NO_COMMON_BLOCKS = YES;
				GCC_OPTIMIZATION_LEVEL = 0;
				GCC_PREPROCESSOR_DEFINITIONS = (
					"DEBUG=1",
					"$(inherited)",
				);
				GCC_WARN_64_TO_32_BIT_CONVERSION = YES;
				GCC_WARN_ABOUT_RETURN_TYPE = YES_ERROR;
				GCC_WARN_UNDECLARED_SELECTOR = YES;
				GCC_WARN_UNINITIALIZED_AUTOS = YES_AGGRESSIVE;
				GCC_WARN_UNUSED_FUNCTION = YES;
				GCC_WARN_UNUSED_VARIABLE = YES;
				IPHONEOS_DEPLOYMENT_TARGET = 12.4;
				MTL_ENABLE_DEBUG_INFO = INCLUDE_SOURCE;
				MTL_FAST_MATH = YES;
				ONLY_ACTIVE_ARCH = YES;
				SDKROOT = iphoneos;
				SWIFT_ACTIVE_COMPILATION_CONDITIONS = DEBUG;
				SWIFT_OPTIMIZATION_LEVEL = "-Onone";
			};
			name = Debug;
		};
		72E2EFFB2363193300AA0095 /* Release */ = {
			isa = XCBuildConfiguration;
			buildSettings = {
				ALWAYS_SEARCH_USER_PATHS = NO;
				CLANG_ANALYZER_NONNULL = YES;
				CLANG_ANALYZER_NUMBER_OBJECT_CONVERSION = YES_AGGRESSIVE;
				CLANG_CXX_LANGUAGE_STANDARD = "gnu++14";
				CLANG_CXX_LIBRARY = "libc++";
				CLANG_ENABLE_MODULES = YES;
				CLANG_ENABLE_OBJC_ARC = YES;
				CLANG_ENABLE_OBJC_WEAK = YES;
				CLANG_WARN_BLOCK_CAPTURE_AUTORELEASING = YES;
				CLANG_WARN_BOOL_CONVERSION = YES;
				CLANG_WARN_COMMA = YES;
				CLANG_WARN_CONSTANT_CONVERSION = YES;
				CLANG_WARN_DEPRECATED_OBJC_IMPLEMENTATIONS = YES;
				CLANG_WARN_DIRECT_OBJC_ISA_USAGE = YES_ERROR;
				CLANG_WARN_DOCUMENTATION_COMMENTS = YES;
				CLANG_WARN_EMPTY_BODY = YES;
				CLANG_WARN_ENUM_CONVERSION = YES;
				CLANG_WARN_INFINITE_RECURSION = YES;
				CLANG_WARN_INT_CONVERSION = YES;
				CLANG_WARN_NON_LITERAL_NULL_CONVERSION = YES;
				CLANG_WARN_OBJC_IMPLICIT_RETAIN_SELF = YES;
				CLANG_WARN_OBJC_LITERAL_CONVERSION = YES;
				CLANG_WARN_OBJC_ROOT_CLASS = YES_ERROR;
				CLANG_WARN_RANGE_LOOP_ANALYSIS = YES;
				CLANG_WARN_STRICT_PROTOTYPES = YES;
				CLANG_WARN_SUSPICIOUS_MOVE = YES;
				CLANG_WARN_UNGUARDED_AVAILABILITY = YES_AGGRESSIVE;
				CLANG_WARN_UNREACHABLE_CODE = YES;
				CLANG_WARN__DUPLICATE_METHOD_MATCH = YES;
				CODE_SIGN_IDENTITY = "iPhone Developer";
				COPY_PHASE_STRIP = NO;
				DEBUG_INFORMATION_FORMAT = "dwarf-with-dsym";
				ENABLE_NS_ASSERTIONS = NO;
				ENABLE_STRICT_OBJC_MSGSEND = YES;
				GCC_C_LANGUAGE_STANDARD = gnu11;
				GCC_NO_COMMON_BLOCKS = YES;
				GCC_WARN_64_TO_32_BIT_CONVERSION = YES;
				GCC_WARN_ABOUT_RETURN_TYPE = YES_ERROR;
				GCC_WARN_UNDECLARED_SELECTOR = YES;
				GCC_WARN_UNINITIALIZED_AUTOS = YES_AGGRESSIVE;
				GCC_WARN_UNUSED_FUNCTION = YES;
				GCC_WARN_UNUSED_VARIABLE = YES;
				IPHONEOS_DEPLOYMENT_TARGET = 12.4;
				MTL_ENABLE_DEBUG_INFO = NO;
				MTL_FAST_MATH = YES;
				SDKROOT = iphoneos;
				SWIFT_COMPILATION_MODE = wholemodule;
				SWIFT_OPTIMIZATION_LEVEL = "-O";
				VALIDATE_PRODUCT = YES;
			};
			name = Release;
		};
		72E2EFFD2363193300AA0095 /* Debug */ = {
			isa = XCBuildConfiguration;
			buildSettings = {
				ASSETCATALOG_COMPILER_APPICON_NAME = AppIcon;
				CODE_SIGN_STYLE = Automatic;
				INFOPLIST_FILE = LAB4T2/Info.plist;
				LD_RUNPATH_SEARCH_PATHS = (
					"$(inherited)",
					"@executable_path/Frameworks",
				);
				PRODUCT_BUNDLE_IDENTIFIER = juho.LAB4T2;
				PRODUCT_NAME = "$(TARGET_NAME)";
				SWIFT_VERSION = 5.0;
				TARGETED_DEVICE_FAMILY = "1,2";
			};
			name = Debug;
		};
		72E2EFFE2363193300AA0095 /* Release */ = {
			isa = XCBuildConfiguration;
			buildSettings = {
				ASSETCATALOG_COMPILER_APPICON_NAME = AppIcon;
				CODE_SIGN_STYLE = Automatic;
				INFOPLIST_FILE = LAB4T2/Info.plist;
				LD_RUNPATH_SEARCH_PATHS = (
					"$(inherited)",
					"@executable_path/Frameworks",
				);
				PRODUCT_BUNDLE_IDENTIFIER = juho.LAB4T2;
				PRODUCT_NAME = "$(TARGET_NAME)";
				SWIFT_VERSION = 5.0;
				TARGETED_DEVICE_FAMILY = "1,2";
			};
			name = Release;
		};
/* End XCBuildConfiguration section */

/* Begin XCConfigurationList section */
		72E2EFE52363193100AA0095 /* Build configuration list for PBXProject "LAB4T2" */ = {
			isa = XCConfigurationList;
			buildConfigurations = (
				72E2EFFA2363193300AA0095 /* Debug */,
				72E2EFFB2363193300AA0095 /* Release */,
			);
			defaultConfigurationIsVisible = 0;
			defaultConfigurationName = Release;
		};
		72E2EFFC2363193300AA0095 /* Build configuration list for PBXNativeTarget "LAB4T2" */ = {
			isa = XCConfigurationList;
			buildConfigurations = (
				72E2EFFD2363193300AA0095 /* Debug */,
				72E2EFFE2363193300AA0095 /* Release */,
			);
			defaultConfigurationIsVisible = 0;
			defaultConfigurationName = Release;
		};
/* End XCConfigurationList section */
	};
	rootObject = 72E2EFE22363193100AA0095 /* Project object */;
}
